
Microsoft Visual Studio Solution File, Format Version 12.00
# Visual Studio Version 17
VisualStudioVersion = 17.0.32014.148
MinimumVisualStudioVersion = 10.0.40219.1
Project("{2150E333-8FDC-42A3-9474-1A3956D46DE8}") = "Services", "Services", "{3846F092-B851-45BE-8053-68D978847C43}"
EndProject
Project("{2150E333-8FDC-42A3-9474-1A3956D46DE8}") = "Catalog", "Catalog", "{0BA88E39-3A32-49DF-9698-DD6C5042ABCB}"
EndProject
Project("{FAE04EC0-301F-11D3-BF4B-00C04F79EFBC}") = "Catalog.API", "Services\Catalog\Catalog.API\Catalog.API.csproj", "{0E79E444-3E19-4AB7-A576-CAC64CDD550D}"
EndProject
Global
	GlobalSection(SolutionConfigurationPlatforms) = preSolution
		Debug|Any CPU = Debug|Any CPU
		Release|Any CPU = Release|Any CPU
	EndGlobalSection
	GlobalSection(ProjectConfigurationPlatforms) = postSolution
		{0E79E444-3E19-4AB7-A576-CAC64CDD550D}.Debug|Any CPU.ActiveCfg = Debug|Any CPU
		{0E79E444-3E19-4AB7-A576-CAC64CDD550D}.Debug|Any CPU.Build.0 = Debug|Any CPU
		{0E79E444-3E19-4AB7-A576-CAC64CDD550D}.Release|Any CPU.ActiveCfg = Release|Any CPU
		{0E79E444-3E19-4AB7-A576-CAC64CDD550D}.Release|Any CPU.Build.0 = Release|Any CPU
	EndGlobalSection
	GlobalSection(SolutionProperties) = preSolution
		HideSolutionNode = FALSE
	EndGlobalSection
	GlobalSection(NestedProjects) = preSolution
		{0BA88E39-3A32-49DF-9698-DD6C5042ABCB} = {3846F092-B851-45BE-8053-68D978847C43}
		{0E79E444-3E19-4AB7-A576-CAC64CDD550D} = {0BA88E39-3A32-49DF-9698-DD6C5042ABCB}
	EndGlobalSection
	GlobalSection(ExtensibilityGlobals) = postSolution
		SolutionGuid = {E8C084C9-C1A2-4F19-9882-6C4C7FE92C25}
	EndGlobalSection
EndGlobal
